<?xml version="1.0" encoding="utf-8"?>
<Project ToolsVersion="4.0" xmlns="http://schemas.microsoft.com/developer/msbuild/2003">
  <ItemGroup>
    <Filter Include="Source Files">
      <UniqueIdentifier>{4FC737F1-C7A5-4376-A066-2A32D752A2FF}</UniqueIdentifier>
      <Extensions>cpp;c;cc;cxx;def;odl;idl;hpj;bat;asm;asmx</Extensions>
    </Filter>
    <Filter Include="Header Files">
      <UniqueIdentifier>{93995380-89BD-4b04-88EB-625FBE52EBFB}</UniqueIdentifier>
      <Extensions>h;hpp;hxx;hm;inl;inc;xsd</Extensions>
    </Filter>
  </ItemGroup>
  <ItemGroup>
    <ClInclude Include="Prec.hpp">
      <Filter>Header Files</Filter>
    </ClInclude>
    <ClInclude Include="Server.hpp">
      <Filter>Header Files</Filter>
    </ClInclude>
    <ClInclude Include="Session.hpp">
      <Filter>Header Files</Filter>
    </ClInclude>
    <ClInclude Include="Fwd.h">
      <Filter>Header Files</Filter>
    </ClInclude>
    <ClInclude Include="App.hpp">
      <Filter>Header Files</Filter>
    </ClInclude>
    <ClInclude Include="MainDialog.hpp">
      <Filter>Header Files</Filter>
    </ClInclude>
    <ClInclude Include="SettingsDialog.hpp">
      <Filter>Header Files</Filter>
    </ClInclude>
    <ClInclude Include="OrderCommand.hpp">
      <Filter>Header Files</Filter>
    </ClInclude>
    <ClInclude Include="RequestAnswer.hpp">
      <Filter>Header Files</Filter>
    </ClInclude>
    <ClInclude Include="Util.hpp">
      <Filter>Header Files</Filter>
    </ClInclude>
  </ItemGroup>
  <ItemGroup>
    <ClCompile Include="Prec.cpp">
      <Filter>Source Files</Filter>
    </ClCompile>
    <ClCompile Include="Server.cpp">
      <Filter>Source Files</Filter>
    </ClCompile>
    <ClCompile Include="Session.cpp">
      <Filter>Source Files</Filter>
    </ClCompile>
    <ClCompile Include="App.cpp">
      <Filter>Source Files</Filter>
    </ClCompile>
    <ClCompile Include="MainDialog.cpp">
      <Filter>Source Files</Filter>
    </ClCompile>
    <ClCompile Include="TakionExtension.cpp">
      <Filter>Source Files</Filter>
    </ClCompile>
    <ClCompile Include="OrderCommand.cpp">
      <Filter>Source Files</Filter>
    </ClCompile>
    <ClCompile Include="RequestAnswer.cpp">
      <Filter>Source Files</Filter>
    </ClCompile>
  </ItemGroup>
  <ItemGroup>
    <None Include="TakionExtension.def">
      <Filter>Header Files</Filter>
    </None>
  </ItemGroup>
</Project>